{
    "_readme": [
        "This file locks the dependencies of your project to a known state",
        "Read more about it at https://getcomposer.org/doc/01-basic-usage.md#installing-dependencies",
        "This file is @generated automatically"
    ],
    "content-hash": "d63111f9c4aaa58475d78a2c6303a2f2",
    "packages": [
        {
            "name": "hunzsig-server/phpure-core",
            "version": "dev-master",
            "source": {
                "type": "git",
                "url": "https://github.com/hunzsig-server/phpure-core.git",
                "reference": "7e5771719a1318eece7b6493f1e51be01f87b450"
            },
            "dist": {
                "type": "zip",
                "url": "https://api.github.com/repos/hunzsig-server/phpure-core/zipball/7e5771719a1318eece7b6493f1e51be01f87b450",
                "reference": "7e5771719a1318eece7b6493f1e51be01f87b450",
                "shasum": ""
            },
            "require": {
                "php-amqplib/php-amqplib": "2.9.*"
            },
            "type": "library",
            "notification-url": "https://packagist.org/downloads/",
            "license": [
                "MIT"
            ],
            "authors": [
                {
                    "name": "hunzsig",
                    "email": "mzyhaohaoren@qq.com",
                    "homepage": "https://www.hunzsig.com"
                }
            ],
            "description": "core of phppure",
            "keywords": [
                "framework",
                "php",
                "swoole"
            ],
            "time": "2019-05-09T01:57:00+00:00"
        },
        {
            "name": "php-amqplib/php-amqplib",
            "version": "v2.9.2",
            "source": {
                "type": "git",
                "url": "https://github.com/php-amqplib/php-amqplib.git",
                "reference": "76faddcd668dabb8d4f7c00e86b8a9decd781a59"
            },
            "dist": {
                "type": "zip",
                "url": "https://api.github.com/repos/php-amqplib/php-amqplib/zipball/76faddcd668dabb8d4f7c00e86b8a9decd781a59",
                "reference": "76faddcd668dabb8d4f7c00e86b8a9decd781a59",
                "shasum": ""
            },
            "require": {
                "ext-bcmath": "*",
                "ext-sockets": "*",
                "php": ">=5.4.0"
            },
            "replace": {
                "videlalvaro/php-amqplib": "self.version"
            },
            "require-dev": {
                "ext-curl": "*",
                "nategood/httpful": "^0.2.20",
                "phpdocumentor/phpdocumentor": "^2.9",
                "phpunit/phpunit": "^4.8",
                "squizlabs/php_codesniffer": "^2.5"
            },
            "type": "library",
            "extra": {
                "branch-alias": {
                    "dev-master": "2.8-dev"
                }
            },
            "autoload": {
                "psr-4": {
                    "PhpAmqpLib\\": "PhpAmqpLib/"
                }
            },
            "notification-url": "https://packagist.org/downloads/",
            "license": [
                "LGPL-2.1-or-later"
            ],
            "authors": [
                {
                    "name": "Alvaro Videla",
                    "role": "Original Maintainer"
                },
                {
                    "name": "John Kelly",
                    "email": "johnmkelly86@gmail.com",
                    "role": "Maintainer"
                },
                {
                    "name": "Raúl Araya",
                    "email": "nubeiro@gmail.com",
                    "role": "Maintainer"
                },
                {
                    "name": "Luke Bakken",
                    "email": "luke@bakken.io",
                    "role": "Maintainer"
                }
            ],
            "description": "Formerly videlalvaro/php-amqplib.  This library is a pure PHP implementation of the AMQP protocol. It's been tested against RabbitMQ.",
            "homepage": "https://github.com/php-amqplib/php-amqplib/",
            "keywords": [
                "message",
                "queue",
                "rabbitmq"
            ],
            "time": "2019-04-24T15:36:21+00:00"
        }
    ],
    "packages-dev": [],
    "aliases": [],
    "minimum-stability": "stable",
    "stability-flags": {
        "hunzsig-server/phpure-core": 20
    },
    "prefer-stable": false,
    "prefer-lowest": false,
    "platform": {
        "php": ">=7.3"
    },
    "platform-dev": []
}
